
Microsoft Visual Studio Solution File, Format Version 12.00
# Visual Studio Version 17
VisualStudioVersion = 17.2.32616.157
MinimumVisualStudioVersion = 10.0.40219.1
Project("{9A19103F-16F7-4668-BE54-9A1E7A4F7556}") = "WeTransferAutomatisation", "WeTransferAutomatisation\WeTransferAutomatisation.csproj", "{6882A918-A193-4791-8A88-C5E028977DE0}"
EndProject
Project("{2150E333-8FDC-42A3-9474-1A3956D46DE8}") = "Projektmappenelemente", "Projektmappenelemente", "{0F8D6903-D4B4-465C-9651-84A7C0DD3AE2}"
	ProjectSection(SolutionItems) = preProject
		README.md = README.md
	EndProjectSection
EndProject
Global
	GlobalSection(SolutionConfigurationPlatforms) = preSolution
		Debug|Any CPU = Debug|Any CPU
		Release|Any CPU = Release|Any CPU
	EndGlobalSection
	GlobalSection(ProjectConfigurationPlatforms) = postSolution
		{6882A918-A193-4791-8A88-C5E028977DE0}.Debug|Any CPU.ActiveCfg = Debug|Any CPU
		{6882A918-A193-4791-8A88-C5E028977DE0}.Debug|Any CPU.Build.0 = Debug|Any CPU
		{6882A918-A193-4791-8A88-C5E028977DE0}.Release|Any CPU.ActiveCfg = Release|Any CPU
		{6882A918-A193-4791-8A88-C5E028977DE0}.Release|Any CPU.Build.0 = Release|Any CPU
	EndGlobalSection
	GlobalSection(SolutionProperties) = preSolution
		HideSolutionNode = FALSE
	EndGlobalSection
	GlobalSection(ExtensibilityGlobals) = postSolution
		SolutionGuid = {AF72F6EE-FC77-499F-83E4-2E308603DDE7}
	EndGlobalSection
EndGlobal
